
Microsoft Visual Studio Solution File, Format Version 12.00
# Visual Studio Version 16
VisualStudioVersion = 16.0.32002.261
MinimumVisualStudioVersion = 10.0.40219.1
Project("{FAE04EC0-301F-11D3-BF4B-00C04F79EFBC}") = "StaticClasses", "StaticClasses\StaticClasses.csproj", "{9149A2B6-E022-42D9-86C3-3CAF4C3FD8F8}"
EndProject
Global
	GlobalSection(SolutionConfigurationPlatforms) = preSolution
		Debug|Any CPU = Debug|Any CPU
		Release|Any CPU = Release|Any CPU
	EndGlobalSection
	GlobalSection(ProjectConfigurationPlatforms) = postSolution
		{9149A2B6-E022-42D9-86C3-3CAF4C3FD8F8}.Debug|Any CPU.ActiveCfg = Debug|Any CPU
		{9149A2B6-E022-42D9-86C3-3CAF4C3FD8F8}.Debug|Any CPU.Build.0 = Debug|Any CPU
		{9149A2B6-E022-42D9-86C3-3CAF4C3FD8F8}.Release|Any CPU.ActiveCfg = Release|Any CPU
		{9149A2B6-E022-42D9-86C3-3CAF4C3FD8F8}.Release|Any CPU.Build.0 = Release|Any CPU
	EndGlobalSection
	GlobalSection(SolutionProperties) = preSolution
		HideSolutionNode = FALSE
	EndGlobalSection
	GlobalSection(ExtensibilityGlobals) = postSolution
		SolutionGuid = {1A75C498-E0EC-4B9D-B36E-D435CC68555D}
	EndGlobalSection
EndGlobal
