
Microsoft Visual Studio Solution File, Format Version 12.00
# Visual Studio Version 16
VisualStudioVersion = 16.0.31911.196
MinimumVisualStudioVersion = 10.0.40219.1
Project("{FAE04EC0-301F-11D3-BF4B-00C04F79EFBC}") = "KaçParavarMetotsal", "KaçParavarMetotsal\KaçParavarMetotsal.csproj", "{717820AB-39ED-449B-B197-D752CB1E0A88}"
EndProject
Global
	GlobalSection(SolutionConfigurationPlatforms) = preSolution
		Debug|Any CPU = Debug|Any CPU
		Release|Any CPU = Release|Any CPU
	EndGlobalSection
	GlobalSection(ProjectConfigurationPlatforms) = postSolution
		{717820AB-39ED-449B-B197-D752CB1E0A88}.Debug|Any CPU.ActiveCfg = Debug|Any CPU
		{717820AB-39ED-449B-B197-D752CB1E0A88}.Debug|Any CPU.Build.0 = Debug|Any CPU
		{717820AB-39ED-449B-B197-D752CB1E0A88}.Release|Any CPU.ActiveCfg = Release|Any CPU
		{717820AB-39ED-449B-B197-D752CB1E0A88}.Release|Any CPU.Build.0 = Release|Any CPU
	EndGlobalSection
	GlobalSection(SolutionProperties) = preSolution
		HideSolutionNode = FALSE
	EndGlobalSection
	GlobalSection(ExtensibilityGlobals) = postSolution
		SolutionGuid = {3F409942-F16B-4C86-AF8E-2708E7E78E63}
	EndGlobalSection
EndGlobal
