
Microsoft Visual Studio Solution File, Format Version 12.00
# Visual Studio Version 16
VisualStudioVersion = 16.0.31911.196
MinimumVisualStudioVersion = 10.0.40219.1
Project("{FAE04EC0-301F-11D3-BF4B-00C04F79EFBC}") = "Ozel", "Ozel\Ozel.csproj", "{0C6B800F-9974-4428-8C66-D00BCB46089E}"
EndProject
Global
	GlobalSection(SolutionConfigurationPlatforms) = preSolution
		Debug|Any CPU = Debug|Any CPU
		Release|Any CPU = Release|Any CPU
	EndGlobalSection
	GlobalSection(ProjectConfigurationPlatforms) = postSolution
		{0C6B800F-9974-4428-8C66-D00BCB46089E}.Debug|Any CPU.ActiveCfg = Debug|Any CPU
		{0C6B800F-9974-4428-8C66-D00BCB46089E}.Debug|Any CPU.Build.0 = Debug|Any CPU
		{0C6B800F-9974-4428-8C66-D00BCB46089E}.Release|Any CPU.ActiveCfg = Release|Any CPU
		{0C6B800F-9974-4428-8C66-D00BCB46089E}.Release|Any CPU.Build.0 = Release|Any CPU
	EndGlobalSection
	GlobalSection(SolutionProperties) = preSolution
		HideSolutionNode = FALSE
	EndGlobalSection
	GlobalSection(ExtensibilityGlobals) = postSolution
		SolutionGuid = {D2B5E851-581D-45F0-9B59-3A6E134706E9}
	EndGlobalSection
EndGlobal
