
Microsoft Visual Studio Solution File, Format Version 12.00
# Visual Studio Version 16
VisualStudioVersion = 16.0.31911.196
MinimumVisualStudioVersion = 10.0.40219.1
Project("{FAE04EC0-301F-11D3-BF4B-00C04F79EFBC}") = "StringMetotlar", "StringMetotlar\StringMetotlar.csproj", "{A36108E6-8D22-40DF-A2A5-3682C6D6BB55}"
EndProject
Global
	GlobalSection(SolutionConfigurationPlatforms) = preSolution
		Debug|Any CPU = Debug|Any CPU
		Release|Any CPU = Release|Any CPU
	EndGlobalSection
	GlobalSection(ProjectConfigurationPlatforms) = postSolution
		{A36108E6-8D22-40DF-A2A5-3682C6D6BB55}.Debug|Any CPU.ActiveCfg = Debug|Any CPU
		{A36108E6-8D22-40DF-A2A5-3682C6D6BB55}.Debug|Any CPU.Build.0 = Debug|Any CPU
		{A36108E6-8D22-40DF-A2A5-3682C6D6BB55}.Release|Any CPU.ActiveCfg = Release|Any CPU
		{A36108E6-8D22-40DF-A2A5-3682C6D6BB55}.Release|Any CPU.Build.0 = Release|Any CPU
	EndGlobalSection
	GlobalSection(SolutionProperties) = preSolution
		HideSolutionNode = FALSE
	EndGlobalSection
	GlobalSection(ExtensibilityGlobals) = postSolution
		SolutionGuid = {09A13C12-31DA-4CBF-8743-B36A6AB4E650}
	EndGlobalSection
EndGlobal
