
Microsoft Visual Studio Solution File, Format Version 12.00
# Visual Studio Version 16
VisualStudioVersion = 16.0.31911.196
MinimumVisualStudioVersion = 10.0.40219.1
Project("{FAE04EC0-301F-11D3-BF4B-00C04F79EFBC}") = "HesapMakinesi", "HesapMakinesi\HesapMakinesi.csproj", "{B4F906CB-F023-465F-B06B-04C20DD45241}"
EndProject
Global
	GlobalSection(SolutionConfigurationPlatforms) = preSolution
		Debug|Any CPU = Debug|Any CPU
		Release|Any CPU = Release|Any CPU
	EndGlobalSection
	GlobalSection(ProjectConfigurationPlatforms) = postSolution
		{B4F906CB-F023-465F-B06B-04C20DD45241}.Debug|Any CPU.ActiveCfg = Debug|Any CPU
		{B4F906CB-F023-465F-B06B-04C20DD45241}.Debug|Any CPU.Build.0 = Debug|Any CPU
		{B4F906CB-F023-465F-B06B-04C20DD45241}.Release|Any CPU.ActiveCfg = Release|Any CPU
		{B4F906CB-F023-465F-B06B-04C20DD45241}.Release|Any CPU.Build.0 = Release|Any CPU
	EndGlobalSection
	GlobalSection(SolutionProperties) = preSolution
		HideSolutionNode = FALSE
	EndGlobalSection
	GlobalSection(ExtensibilityGlobals) = postSolution
		SolutionGuid = {7358D7BF-A182-474D-86A0-7B99149E2A01}
	EndGlobalSection
EndGlobal
