
Microsoft Visual Studio Solution File, Format Version 12.00
# Visual Studio Version 16
VisualStudioVersion = 16.0.32002.261
MinimumVisualStudioVersion = 10.0.40219.1
Project("{FAE04EC0-301F-11D3-BF4B-00C04F79EFBC}") = "Calculator", "Calculator\Calculator.csproj", "{D62FD2FD-DF8F-422F-993D-E2DAF7AF8AC1}"
EndProject
Global
	GlobalSection(SolutionConfigurationPlatforms) = preSolution
		Debug|Any CPU = Debug|Any CPU
		Release|Any CPU = Release|Any CPU
	EndGlobalSection
	GlobalSection(ProjectConfigurationPlatforms) = postSolution
		{D62FD2FD-DF8F-422F-993D-E2DAF7AF8AC1}.Debug|Any CPU.ActiveCfg = Debug|Any CPU
		{D62FD2FD-DF8F-422F-993D-E2DAF7AF8AC1}.Debug|Any CPU.Build.0 = Debug|Any CPU
		{D62FD2FD-DF8F-422F-993D-E2DAF7AF8AC1}.Release|Any CPU.ActiveCfg = Release|Any CPU
		{D62FD2FD-DF8F-422F-993D-E2DAF7AF8AC1}.Release|Any CPU.Build.0 = Release|Any CPU
	EndGlobalSection
	GlobalSection(SolutionProperties) = preSolution
		HideSolutionNode = FALSE
	EndGlobalSection
	GlobalSection(ExtensibilityGlobals) = postSolution
		SolutionGuid = {83E56AEF-00CE-44B4-882E-6F5FD3B0B843}
	EndGlobalSection
EndGlobal
