
Microsoft Visual Studio Solution File, Format Version 12.00
# Visual Studio Version 16
VisualStudioVersion = 16.0.32002.261
MinimumVisualStudioVersion = 10.0.40219.1
Project("{FAE04EC0-301F-11D3-BF4B-00C04F79EFBC}") = "Generic", "Generic\Generic.csproj", "{D4F1B8A4-F107-4A67-B417-7E12BA22DCE3}"
EndProject
Global
	GlobalSection(SolutionConfigurationPlatforms) = preSolution
		Debug|Any CPU = Debug|Any CPU
		Release|Any CPU = Release|Any CPU
	EndGlobalSection
	GlobalSection(ProjectConfigurationPlatforms) = postSolution
		{D4F1B8A4-F107-4A67-B417-7E12BA22DCE3}.Debug|Any CPU.ActiveCfg = Debug|Any CPU
		{D4F1B8A4-F107-4A67-B417-7E12BA22DCE3}.Debug|Any CPU.Build.0 = Debug|Any CPU
		{D4F1B8A4-F107-4A67-B417-7E12BA22DCE3}.Release|Any CPU.ActiveCfg = Release|Any CPU
		{D4F1B8A4-F107-4A67-B417-7E12BA22DCE3}.Release|Any CPU.Build.0 = Release|Any CPU
	EndGlobalSection
	GlobalSection(SolutionProperties) = preSolution
		HideSolutionNode = FALSE
	EndGlobalSection
	GlobalSection(ExtensibilityGlobals) = postSolution
		SolutionGuid = {DF234315-A407-48C8-BFDE-625B16997C81}
	EndGlobalSection
EndGlobal
