
Microsoft Visual Studio Solution File, Format Version 12.00
# Visual Studio Version 16
VisualStudioVersion = 16.0.31911.196
MinimumVisualStudioVersion = 10.0.40219.1
Project("{FAE04EC0-301F-11D3-BF4B-00C04F79EFBC}") = "objectTip", "objectTip\objectTip.csproj", "{581472D8-BB28-4AAB-9D47-6A4D84098412}"
EndProject
Global
	GlobalSection(SolutionConfigurationPlatforms) = preSolution
		Debug|Any CPU = Debug|Any CPU
		Release|Any CPU = Release|Any CPU
	EndGlobalSection
	GlobalSection(ProjectConfigurationPlatforms) = postSolution
		{581472D8-BB28-4AAB-9D47-6A4D84098412}.Debug|Any CPU.ActiveCfg = Debug|Any CPU
		{581472D8-BB28-4AAB-9D47-6A4D84098412}.Debug|Any CPU.Build.0 = Debug|Any CPU
		{581472D8-BB28-4AAB-9D47-6A4D84098412}.Release|Any CPU.ActiveCfg = Release|Any CPU
		{581472D8-BB28-4AAB-9D47-6A4D84098412}.Release|Any CPU.Build.0 = Release|Any CPU
	EndGlobalSection
	GlobalSection(SolutionProperties) = preSolution
		HideSolutionNode = FALSE
	EndGlobalSection
	GlobalSection(ExtensibilityGlobals) = postSolution
		SolutionGuid = {B281F34C-E88B-4BE8-AC7B-9246128B8971}
	EndGlobalSection
EndGlobal
