
Microsoft Visual Studio Solution File, Format Version 12.00
# Visual Studio Version 16
VisualStudioVersion = 16.0.32002.261
MinimumVisualStudioVersion = 10.0.40219.1
Project("{FAE04EC0-301F-11D3-BF4B-00C04F79EFBC}") = "Kapsulleme", "Kapsulleme\Kapsulleme.csproj", "{38CA7EFE-FD1D-4AC5-8B8B-F9F780839D86}"
EndProject
Global
	GlobalSection(SolutionConfigurationPlatforms) = preSolution
		Debug|Any CPU = Debug|Any CPU
		Release|Any CPU = Release|Any CPU
	EndGlobalSection
	GlobalSection(ProjectConfigurationPlatforms) = postSolution
		{38CA7EFE-FD1D-4AC5-8B8B-F9F780839D86}.Debug|Any CPU.ActiveCfg = Debug|Any CPU
		{38CA7EFE-FD1D-4AC5-8B8B-F9F780839D86}.Debug|Any CPU.Build.0 = Debug|Any CPU
		{38CA7EFE-FD1D-4AC5-8B8B-F9F780839D86}.Release|Any CPU.ActiveCfg = Release|Any CPU
		{38CA7EFE-FD1D-4AC5-8B8B-F9F780839D86}.Release|Any CPU.Build.0 = Release|Any CPU
	EndGlobalSection
	GlobalSection(SolutionProperties) = preSolution
		HideSolutionNode = FALSE
	EndGlobalSection
	GlobalSection(ExtensibilityGlobals) = postSolution
		SolutionGuid = {760BFA7D-8851-4928-B8F5-06BBE4E37C95}
	EndGlobalSection
EndGlobal
