
Microsoft Visual Studio Solution File, Format Version 12.00
# Visual Studio Version 16
VisualStudioVersion = 16.0.32002.261
MinimumVisualStudioVersion = 10.0.40219.1
Project("{FAE04EC0-301F-11D3-BF4B-00C04F79EFBC}") = "FakeDatam", "FakeDatam\FakeDatam.csproj", "{3BD66B84-76FC-4942-9996-AA8CC3DAC796}"
EndProject
Global
	GlobalSection(SolutionConfigurationPlatforms) = preSolution
		Debug|Any CPU = Debug|Any CPU
		Release|Any CPU = Release|Any CPU
	EndGlobalSection
	GlobalSection(ProjectConfigurationPlatforms) = postSolution
		{3BD66B84-76FC-4942-9996-AA8CC3DAC796}.Debug|Any CPU.ActiveCfg = Debug|Any CPU
		{3BD66B84-76FC-4942-9996-AA8CC3DAC796}.Debug|Any CPU.Build.0 = Debug|Any CPU
		{3BD66B84-76FC-4942-9996-AA8CC3DAC796}.Release|Any CPU.ActiveCfg = Release|Any CPU
		{3BD66B84-76FC-4942-9996-AA8CC3DAC796}.Release|Any CPU.Build.0 = Release|Any CPU
	EndGlobalSection
	GlobalSection(SolutionProperties) = preSolution
		HideSolutionNode = FALSE
	EndGlobalSection
	GlobalSection(ExtensibilityGlobals) = postSolution
		SolutionGuid = {461F3337-F023-4DBF-B45B-E7D40AF2BDA1}
	EndGlobalSection
EndGlobal
