
Microsoft Visual Studio Solution File, Format Version 12.00
# Visual Studio Version 16
VisualStudioVersion = 16.0.31911.196
MinimumVisualStudioVersion = 10.0.40219.1
Project("{FAE04EC0-301F-11D3-BF4B-00C04F79EFBC}") = "StringMetotlar", "StringMetotlar\StringMetotlar.csproj", "{C491F48F-0992-46BD-A596-DB12A6B9E42D}"
EndProject
Global
	GlobalSection(SolutionConfigurationPlatforms) = preSolution
		Debug|Any CPU = Debug|Any CPU
		Release|Any CPU = Release|Any CPU
	EndGlobalSection
	GlobalSection(ProjectConfigurationPlatforms) = postSolution
		{C491F48F-0992-46BD-A596-DB12A6B9E42D}.Debug|Any CPU.ActiveCfg = Debug|Any CPU
		{C491F48F-0992-46BD-A596-DB12A6B9E42D}.Debug|Any CPU.Build.0 = Debug|Any CPU
		{C491F48F-0992-46BD-A596-DB12A6B9E42D}.Release|Any CPU.ActiveCfg = Release|Any CPU
		{C491F48F-0992-46BD-A596-DB12A6B9E42D}.Release|Any CPU.Build.0 = Release|Any CPU
	EndGlobalSection
	GlobalSection(SolutionProperties) = preSolution
		HideSolutionNode = FALSE
	EndGlobalSection
	GlobalSection(ExtensibilityGlobals) = postSolution
		SolutionGuid = {757EEF44-C570-4B89-98E5-1AE65B149857}
	EndGlobalSection
EndGlobal
